
Microsoft Visual Studio Solution File, Format Version 12.00
# Visual Studio Version 17
VisualStudioVersion = 17.4.33122.133
MinimumVisualStudioVersion = 10.0.40219.1
Project("{9A19103F-16F7-4668-BE54-9A1E7A4F7556}") = "Brackets.API", "Brackets.API\Brackets.API.csproj", "{1402BDC9-E0FA-4F7E-8AE0-66C6D8EBB2DF}"
EndProject
Project("{FAE04EC0-301F-11D3-BF4B-00C04F79EFBC}") = "Brackets.Domain", "Brackets.Domain\Brackets.Domain.csproj", "{A6B3DB7E-ADDC-460F-B39A-0136167FB086}"
EndProject
Project("{FAE04EC0-301F-11D3-BF4B-00C04F79EFBC}") = "Brackets.Tests", "Brackets.Tests\Brackets.Tests.csproj", "{C2C7E8C4-158E-4878-8FD5-79FB6A3AD495}"
EndProject
Global
	GlobalSection(SolutionConfigurationPlatforms) = preSolution
		Debug|Any CPU = Debug|Any CPU
		Release|Any CPU = Release|Any CPU
	EndGlobalSection
	GlobalSection(ProjectConfigurationPlatforms) = postSolution
		{1402BDC9-E0FA-4F7E-8AE0-66C6D8EBB2DF}.Debug|Any CPU.ActiveCfg = Debug|Any CPU
		{1402BDC9-E0FA-4F7E-8AE0-66C6D8EBB2DF}.Debug|Any CPU.Build.0 = Debug|Any CPU
		{1402BDC9-E0FA-4F7E-8AE0-66C6D8EBB2DF}.Release|Any CPU.ActiveCfg = Release|Any CPU
		{1402BDC9-E0FA-4F7E-8AE0-66C6D8EBB2DF}.Release|Any CPU.Build.0 = Release|Any CPU
		{A6B3DB7E-ADDC-460F-B39A-0136167FB086}.Debug|Any CPU.ActiveCfg = Debug|Any CPU
		{A6B3DB7E-ADDC-460F-B39A-0136167FB086}.Debug|Any CPU.Build.0 = Debug|Any CPU
		{A6B3DB7E-ADDC-460F-B39A-0136167FB086}.Release|Any CPU.ActiveCfg = Release|Any CPU
		{A6B3DB7E-ADDC-460F-B39A-0136167FB086}.Release|Any CPU.Build.0 = Release|Any CPU
		{C2C7E8C4-158E-4878-8FD5-79FB6A3AD495}.Debug|Any CPU.ActiveCfg = Debug|Any CPU
		{C2C7E8C4-158E-4878-8FD5-79FB6A3AD495}.Debug|Any CPU.Build.0 = Debug|Any CPU
		{C2C7E8C4-158E-4878-8FD5-79FB6A3AD495}.Release|Any CPU.ActiveCfg = Release|Any CPU
		{C2C7E8C4-158E-4878-8FD5-79FB6A3AD495}.Release|Any CPU.Build.0 = Release|Any CPU
	EndGlobalSection
	GlobalSection(SolutionProperties) = preSolution
		HideSolutionNode = FALSE
	EndGlobalSection
	GlobalSection(ExtensibilityGlobals) = postSolution
		SolutionGuid = {1077C5EC-3969-4774-870D-B2A31C333848}
	EndGlobalSection
EndGlobal
